
Microsoft Visual Studio Solution File, Format Version 12.00
# Visual Studio Version 17
VisualStudioVersion = 17.11.35327.3
MinimumVisualStudioVersion = 10.0.40219.1
Project("{9A19103F-16F7-4668-BE54-9A1E7A4F7556}") = "App.Repositories", "Repositories\App.Repositories.csproj", "{9990567E-717C-4FC8-9C61-590BEC37BE14}"
EndProject
Project("{9A19103F-16F7-4668-BE54-9A1E7A4F7556}") = "App.Services", "Services\App.Services.csproj", "{737E1C61-AF71-4671-8376-599F6D093853}"
EndProject
Project("{9A19103F-16F7-4668-BE54-9A1E7A4F7556}") = "App.API", "App.API\App.API.csproj", "{5C035BB1-C940-4DC8-8D35-E2BC1D154C43}"
EndProject
Project("{2150E333-8FDC-42A3-9474-1A3956D46DE8}") = "NLayerApp", "NLayerApp", "{2B83AA06-9DDD-4B4A-A85B-3D7157350B7E}"
EndProject
Project("{2150E333-8FDC-42A3-9474-1A3956D46DE8}") = "CleanArchitecture", "CleanArchitecture", "{CDFF483C-F03E-408C-A41C-7F0D679D7943}"
EndProject
Project("{2150E333-8FDC-42A3-9474-1A3956D46DE8}") = "src", "src", "{196E755D-428B-4E04-9EAB-B970A07C4A93}"
EndProject
Project("{2150E333-8FDC-42A3-9474-1A3956D46DE8}") = "Core", "Core", "{3623490F-B6AB-4E67-AFA8-A05A99F7A842}"
EndProject
Project("{9A19103F-16F7-4668-BE54-9A1E7A4F7556}") = "App.Domain", "App.Domain\App.Domain.csproj", "{F8243941-3C72-4163-A3EB-47BE5CB7182B}"
EndProject
Project("{9A19103F-16F7-4668-BE54-9A1E7A4F7556}") = "App.Application", "App.Application\App.Application.csproj", "{378D4702-8D3E-44CF-81C6-C4A47049E8D8}"
EndProject
Project("{2150E333-8FDC-42A3-9474-1A3956D46DE8}") = "Infrastructure", "Infrastructure", "{0A6DFFF7-22D8-4906-817D-31F01087AA68}"
EndProject
Project("{9A19103F-16F7-4668-BE54-9A1E7A4F7556}") = "App.Persistence", "App.Persistence\App.Persistence.csproj", "{2A807E45-E341-46C7-89AC-FD9549BB011F}"
EndProject
Project("{2150E333-8FDC-42A3-9474-1A3956D46DE8}") = "Presentation", "Presentation", "{65992864-FC08-472B-8720-D78114800A99}"
EndProject
Project("{9A19103F-16F7-4668-BE54-9A1E7A4F7556}") = "App.WebAPI", "App.WebAPI\App.WebAPI.csproj", "{BA40CE80-2B48-40FF-8B20-561A99D956C4}"
EndProject
Project("{9A19103F-16F7-4668-BE54-9A1E7A4F7556}") = "App.Caching", "App.Caching\App.Caching.csproj", "{2CD2B1BC-DA54-42CC-927D-AED039FF693F}"
EndProject
Project("{9A19103F-16F7-4668-BE54-9A1E7A4F7556}") = "App.Bus", "App.Bus\App.Bus.csproj", "{777F922A-84AC-41CF-8768-B7ABC27ED6FB}"
EndProject
Global
	GlobalSection(SolutionConfigurationPlatforms) = preSolution
		Debug|Any CPU = Debug|Any CPU
		Release|Any CPU = Release|Any CPU
	EndGlobalSection
	GlobalSection(ProjectConfigurationPlatforms) = postSolution
		{9990567E-717C-4FC8-9C61-590BEC37BE14}.Debug|Any CPU.ActiveCfg = Debug|Any CPU
		{9990567E-717C-4FC8-9C61-590BEC37BE14}.Debug|Any CPU.Build.0 = Debug|Any CPU
		{9990567E-717C-4FC8-9C61-590BEC37BE14}.Release|Any CPU.ActiveCfg = Release|Any CPU
		{9990567E-717C-4FC8-9C61-590BEC37BE14}.Release|Any CPU.Build.0 = Release|Any CPU
		{737E1C61-AF71-4671-8376-599F6D093853}.Debug|Any CPU.ActiveCfg = Debug|Any CPU
		{737E1C61-AF71-4671-8376-599F6D093853}.Debug|Any CPU.Build.0 = Debug|Any CPU
		{737E1C61-AF71-4671-8376-599F6D093853}.Release|Any CPU.ActiveCfg = Release|Any CPU
		{737E1C61-AF71-4671-8376-599F6D093853}.Release|Any CPU.Build.0 = Release|Any CPU
		{5C035BB1-C940-4DC8-8D35-E2BC1D154C43}.Debug|Any CPU.ActiveCfg = Debug|Any CPU
		{5C035BB1-C940-4DC8-8D35-E2BC1D154C43}.Debug|Any CPU.Build.0 = Debug|Any CPU
		{5C035BB1-C940-4DC8-8D35-E2BC1D154C43}.Release|Any CPU.ActiveCfg = Release|Any CPU
		{5C035BB1-C940-4DC8-8D35-E2BC1D154C43}.Release|Any CPU.Build.0 = Release|Any CPU
		{F8243941-3C72-4163-A3EB-47BE5CB7182B}.Debug|Any CPU.ActiveCfg = Debug|Any CPU
		{F8243941-3C72-4163-A3EB-47BE5CB7182B}.Debug|Any CPU.Build.0 = Debug|Any CPU
		{F8243941-3C72-4163-A3EB-47BE5CB7182B}.Release|Any CPU.ActiveCfg = Release|Any CPU
		{F8243941-3C72-4163-A3EB-47BE5CB7182B}.Release|Any CPU.Build.0 = Release|Any CPU
		{378D4702-8D3E-44CF-81C6-C4A47049E8D8}.Debug|Any CPU.ActiveCfg = Debug|Any CPU
		{378D4702-8D3E-44CF-81C6-C4A47049E8D8}.Debug|Any CPU.Build.0 = Debug|Any CPU
		{378D4702-8D3E-44CF-81C6-C4A47049E8D8}.Release|Any CPU.ActiveCfg = Release|Any CPU
		{378D4702-8D3E-44CF-81C6-C4A47049E8D8}.Release|Any CPU.Build.0 = Release|Any CPU
		{2A807E45-E341-46C7-89AC-FD9549BB011F}.Debug|Any CPU.ActiveCfg = Debug|Any CPU
		{2A807E45-E341-46C7-89AC-FD9549BB011F}.Debug|Any CPU.Build.0 = Debug|Any CPU
		{2A807E45-E341-46C7-89AC-FD9549BB011F}.Release|Any CPU.ActiveCfg = Release|Any CPU
		{2A807E45-E341-46C7-89AC-FD9549BB011F}.Release|Any CPU.Build.0 = Release|Any CPU
		{BA40CE80-2B48-40FF-8B20-561A99D956C4}.Debug|Any CPU.ActiveCfg = Debug|Any CPU
		{BA40CE80-2B48-40FF-8B20-561A99D956C4}.Debug|Any CPU.Build.0 = Debug|Any CPU
		{BA40CE80-2B48-40FF-8B20-561A99D956C4}.Release|Any CPU.ActiveCfg = Release|Any CPU
		{BA40CE80-2B48-40FF-8B20-561A99D956C4}.Release|Any CPU.Build.0 = Release|Any CPU
		{2CD2B1BC-DA54-42CC-927D-AED039FF693F}.Debug|Any CPU.ActiveCfg = Debug|Any CPU
		{2CD2B1BC-DA54-42CC-927D-AED039FF693F}.Debug|Any CPU.Build.0 = Debug|Any CPU
		{2CD2B1BC-DA54-42CC-927D-AED039FF693F}.Release|Any CPU.ActiveCfg = Release|Any CPU
		{2CD2B1BC-DA54-42CC-927D-AED039FF693F}.Release|Any CPU.Build.0 = Release|Any CPU
		{777F922A-84AC-41CF-8768-B7ABC27ED6FB}.Debug|Any CPU.ActiveCfg = Debug|Any CPU
		{777F922A-84AC-41CF-8768-B7ABC27ED6FB}.Debug|Any CPU.Build.0 = Debug|Any CPU
		{777F922A-84AC-41CF-8768-B7ABC27ED6FB}.Release|Any CPU.ActiveCfg = Release|Any CPU
		{777F922A-84AC-41CF-8768-B7ABC27ED6FB}.Release|Any CPU.Build.0 = Release|Any CPU
	EndGlobalSection
	GlobalSection(SolutionProperties) = preSolution
		HideSolutionNode = FALSE
	EndGlobalSection
	GlobalSection(NestedProjects) = preSolution
		{9990567E-717C-4FC8-9C61-590BEC37BE14} = {2B83AA06-9DDD-4B4A-A85B-3D7157350B7E}
		{737E1C61-AF71-4671-8376-599F6D093853} = {2B83AA06-9DDD-4B4A-A85B-3D7157350B7E}
		{5C035BB1-C940-4DC8-8D35-E2BC1D154C43} = {2B83AA06-9DDD-4B4A-A85B-3D7157350B7E}
		{196E755D-428B-4E04-9EAB-B970A07C4A93} = {CDFF483C-F03E-408C-A41C-7F0D679D7943}
		{3623490F-B6AB-4E67-AFA8-A05A99F7A842} = {196E755D-428B-4E04-9EAB-B970A07C4A93}
		{F8243941-3C72-4163-A3EB-47BE5CB7182B} = {3623490F-B6AB-4E67-AFA8-A05A99F7A842}
		{378D4702-8D3E-44CF-81C6-C4A47049E8D8} = {3623490F-B6AB-4E67-AFA8-A05A99F7A842}
		{0A6DFFF7-22D8-4906-817D-31F01087AA68} = {196E755D-428B-4E04-9EAB-B970A07C4A93}
		{2A807E45-E341-46C7-89AC-FD9549BB011F} = {0A6DFFF7-22D8-4906-817D-31F01087AA68}
		{65992864-FC08-472B-8720-D78114800A99} = {196E755D-428B-4E04-9EAB-B970A07C4A93}
		{BA40CE80-2B48-40FF-8B20-561A99D956C4} = {65992864-FC08-472B-8720-D78114800A99}
		{2CD2B1BC-DA54-42CC-927D-AED039FF693F} = {0A6DFFF7-22D8-4906-817D-31F01087AA68}
		{777F922A-84AC-41CF-8768-B7ABC27ED6FB} = {0A6DFFF7-22D8-4906-817D-31F01087AA68}
	EndGlobalSection
	GlobalSection(ExtensibilityGlobals) = postSolution
		SolutionGuid = {1F6D1D5B-4353-403B-9F83-72FC472A0F11}
	EndGlobalSection
EndGlobal
